
Microsoft Visual Studio Solution File, Format Version 12.00
# Visual Studio Version 17
VisualStudioVersion = 17.7.34018.315
MinimumVisualStudioVersion = 10.0.40219.1
Project("{FAE04EC0-301F-11D3-BF4B-00C04F79EFBC}") = "lab1", "lab1\lab1.csproj", "{EB58D024-A893-48BB-8E89-85251B2C5F89}"
EndProject
Global
	GlobalSection(SolutionConfigurationPlatforms) = preSolution
		Debug|Any CPU = Debug|Any CPU
		Release|Any CPU = Release|Any CPU
	EndGlobalSection
	GlobalSection(ProjectConfigurationPlatforms) = postSolution
		{EB58D024-A893-48BB-8E89-85251B2C5F89}.Debug|Any CPU.ActiveCfg = Debug|Any CPU
		{EB58D024-A893-48BB-8E89-85251B2C5F89}.Debug|Any CPU.Build.0 = Debug|Any CPU
		{EB58D024-A893-48BB-8E89-85251B2C5F89}.Release|Any CPU.ActiveCfg = Release|Any CPU
		{EB58D024-A893-48BB-8E89-85251B2C5F89}.Release|Any CPU.Build.0 = Release|Any CPU
	EndGlobalSection
	GlobalSection(SolutionProperties) = preSolution
		HideSolutionNode = FALSE
	EndGlobalSection
	GlobalSection(ExtensibilityGlobals) = postSolution
		SolutionGuid = {8ABF65CC-4377-4AD7-A530-4CE4ABDBB306}
	EndGlobalSection
EndGlobal
